
Microsoft Visual Studio Solution File, Format Version 12.00
# Visual Studio Version 16
VisualStudioVersion = 16.0.31129.286
MinimumVisualStudioVersion = 10.0.40219.1
Project("{FAE04EC0-301F-11D3-BF4B-00C04F79EFBC}") = "TypeWrapper", "ConsoleApp3\TypeWrapper.csproj", "{1F1998B9-57FF-4F47-A47A-36387CF86E85}"
EndProject
Global
	GlobalSection(SolutionConfigurationPlatforms) = preSolution
		Debug|Any CPU = Debug|Any CPU
		Release|Any CPU = Release|Any CPU
	EndGlobalSection
	GlobalSection(ProjectConfigurationPlatforms) = postSolution
		{1F1998B9-57FF-4F47-A47A-36387CF86E85}.Debug|Any CPU.ActiveCfg = Debug|Any CPU
		{1F1998B9-57FF-4F47-A47A-36387CF86E85}.Debug|Any CPU.Build.0 = Debug|Any CPU
		{1F1998B9-57FF-4F47-A47A-36387CF86E85}.Release|Any CPU.ActiveCfg = Release|Any CPU
		{1F1998B9-57FF-4F47-A47A-36387CF86E85}.Release|Any CPU.Build.0 = Release|Any CPU
	EndGlobalSection
	GlobalSection(SolutionProperties) = preSolution
		HideSolutionNode = FALSE
	EndGlobalSection
	GlobalSection(ExtensibilityGlobals) = postSolution
		SolutionGuid = {F3239168-5159-42D8-B050-A2A6E365B5B0}
	EndGlobalSection
EndGlobal
